Microsoft Visual Studio Solution File, Format Version 12.00
# Visual Studio Version 17
VisualStudioVersion = 17.5.2.0
MinimumVisualStudioVersion = 10.0.40219.1
Project("{FAE04EC0-301F-11D3-BF4B-00C04F79EFBC}") = "Starter.Api", "Starter.Api.csproj", "{2897E9AF-767C-D236-9672-A5EE442A27FE}"
EndProject
Global
	GlobalSection(SolutionConfigurationPlatforms) = preSolution
		Debug|Any CPU = Debug|Any CPU
		Release|Any CPU = Release|Any CPU
	EndGlobalSection
	GlobalSection(ProjectConfigurationPlatforms) = postSolution
		{2897E9AF-767C-D236-9672-A5EE442A27FE}.Debug|Any CPU.ActiveCfg = Debug|Any CPU
		{2897E9AF-767C-D236-9672-A5EE442A27FE}.Debug|Any CPU.Build.0 = Debug|Any CPU
		{2897E9AF-767C-D236-9672-A5EE442A27FE}.Release|Any CPU.ActiveCfg = Release|Any CPU
		{2897E9AF-767C-D236-9672-A5EE442A27FE}.Release|Any CPU.Build.0 = Release|Any CPU
	EndGlobalSection
	GlobalSection(SolutionProperties) = preSolution
		HideSolutionNode = FALSE
	EndGlobalSection
	GlobalSection(ExtensibilityGlobals) = postSolution
		SolutionGuid = {8C2D193D-C8A4-46C0-9793-6A38E3C46117}
	EndGlobalSection
EndGlobal
